
Microsoft Visual Studio Solution File, Format Version 12.00
# Visual Studio 15
VisualStudioVersion = 15.0.27703.2047
MinimumVisualStudioVersion = 10.0.40219.1
Project("{9A19103F-16F7-4668-BE54-9A1E7A4F7556}") = "ResortTools.SelfReg", "ResortTools.SelfReg\ResortTools.SelfReg.csproj", "{14DCDD18-E678-475B-B5A1-3A852BA63AE4}"
	ProjectSection(ProjectDependencies) = postProject
		{A6D85A6B-E69B-4DD8-94ED-CCD07C6A78A7} = {A6D85A6B-E69B-4DD8-94ED-CCD07C6A78A7}
		{410262A6-97CA-44DA-8FAC-7B3E0BFCBED0} = {410262A6-97CA-44DA-8FAC-7B3E0BFCBED0}
	EndProjectSection
EndProject
Project("{9A19103F-16F7-4668-BE54-9A1E7A4F7556}") = "UnityAPI.Models", "..\..\ResortIntegration-Ikon_repository\UnityAPI\UnityAPI.Models\UnityAPI.Models.csproj", "{410262A6-97CA-44DA-8FAC-7B3E0BFCBED0}"
EndProject
Project("{9A19103F-16F7-4668-BE54-9A1E7A4F7556}") = "UnityAPI.ClientLibrary", "..\..\ResortIntegration-Ikon_repository\UnityAPI\UnityAPI.ClientLibrary\UnityAPI.ClientLibrary.csproj", "{A6D85A6B-E69B-4DD8-94ED-CCD07C6A78A7}"
EndProject
Global
	GlobalSection(SolutionConfigurationPlatforms) = preSolution
		Debug|Any CPU = Debug|Any CPU
		Release|Any CPU = Release|Any CPU
	EndGlobalSection
	GlobalSection(ProjectConfigurationPlatforms) = postSolution
		{14DCDD18-E678-475B-B5A1-3A852BA63AE4}.Debug|Any CPU.ActiveCfg = Debug|Any CPU
		{14DCDD18-E678-475B-B5A1-3A852BA63AE4}.Debug|Any CPU.Build.0 = Debug|Any CPU
		{14DCDD18-E678-475B-B5A1-3A852BA63AE4}.Release|Any CPU.ActiveCfg = Release|Any CPU
		{14DCDD18-E678-475B-B5A1-3A852BA63AE4}.Release|Any CPU.Build.0 = Release|Any CPU
		{410262A6-97CA-44DA-8FAC-7B3E0BFCBED0}.Debug|Any CPU.ActiveCfg = Debug|Any CPU
		{410262A6-97CA-44DA-8FAC-7B3E0BFCBED0}.Debug|Any CPU.Build.0 = Debug|Any CPU
		{410262A6-97CA-44DA-8FAC-7B3E0BFCBED0}.Release|Any CPU.ActiveCfg = Release|Any CPU
		{410262A6-97CA-44DA-8FAC-7B3E0BFCBED0}.Release|Any CPU.Build.0 = Release|Any CPU
		{A6D85A6B-E69B-4DD8-94ED-CCD07C6A78A7}.Debug|Any CPU.ActiveCfg = Debug|Any CPU
		{A6D85A6B-E69B-4DD8-94ED-CCD07C6A78A7}.Debug|Any CPU.Build.0 = Debug|Any CPU
		{A6D85A6B-E69B-4DD8-94ED-CCD07C6A78A7}.Release|Any CPU.ActiveCfg = Release|Any CPU
		{A6D85A6B-E69B-4DD8-94ED-CCD07C6A78A7}.Release|Any CPU.Build.0 = Release|Any CPU
	EndGlobalSection
	GlobalSection(SolutionProperties) = preSolution
		HideSolutionNode = FALSE
	EndGlobalSection
	GlobalSection(ExtensibilityGlobals) = postSolution
		SolutionGuid = {729E1BE1-9F5D-4FF0-98BB-867483492D3A}
	EndGlobalSection
EndGlobal
